{
  "name": "track-coach",
  "version": "0.0.0",
  "lockfileVersion": 1,
  "requires": true,
  "dependencies": {
    "dlv": {
      "version": "1.1.2",
      "resolved": "https://registry.npmjs.org/dlv/-/dlv-1.1.2.tgz",
      "integrity": "sha512-xxD4VSH67GbRvSGUrckvha94RD7hjgOH7rqGxiytLpkaeMvixOHFZTGFK6EkIm3T761OVHT8ABHmGkq9gXgu6Q=="
    }
  }
}
